
Microsoft Visual Studio Solution File, Format Version 12.00
# Visual Studio Version 16
VisualStudioVersion = 16.0.30330.147
MinimumVisualStudioVersion = 10.0.40219.1
Project("{FAE04EC0-301F-11D3-BF4B-00C04F79EFBC}") = "PynkTalent", "PynkTalent\PynkTalent.csproj", "{BA309F88-5F5D-47CF-A0CF-B8ABE6250E3B}"
EndProject
Project("{FAE04EC0-301F-11D3-BF4B-00C04F79EFBC}") = "PynkTalent.Test", "PynkTalent.Test\PynkTalent.Test.csproj", "{2F9B2CEE-7855-4FB6-9CA2-B0F1CFF605EA}"
EndProject
Global
	GlobalSection(SolutionConfigurationPlatforms) = preSolution
		Debug|Any CPU = Debug|Any CPU
		Release|Any CPU = Release|Any CPU
	EndGlobalSection
	GlobalSection(ProjectConfigurationPlatforms) = postSolution
		{BA309F88-5F5D-47CF-A0CF-B8ABE6250E3B}.Debug|Any CPU.ActiveCfg = Debug|Any CPU
		{BA309F88-5F5D-47CF-A0CF-B8ABE6250E3B}.Debug|Any CPU.Build.0 = Debug|Any CPU
		{BA309F88-5F5D-47CF-A0CF-B8ABE6250E3B}.Release|Any CPU.ActiveCfg = Release|Any CPU
		{BA309F88-5F5D-47CF-A0CF-B8ABE6250E3B}.Release|Any CPU.Build.0 = Release|Any CPU
		{2F9B2CEE-7855-4FB6-9CA2-B0F1CFF605EA}.Debug|Any CPU.ActiveCfg = Debug|Any CPU
		{2F9B2CEE-7855-4FB6-9CA2-B0F1CFF605EA}.Debug|Any CPU.Build.0 = Debug|Any CPU
		{2F9B2CEE-7855-4FB6-9CA2-B0F1CFF605EA}.Release|Any CPU.ActiveCfg = Release|Any CPU
		{2F9B2CEE-7855-4FB6-9CA2-B0F1CFF605EA}.Release|Any CPU.Build.0 = Release|Any CPU
	EndGlobalSection
	GlobalSection(SolutionProperties) = preSolution
		HideSolutionNode = FALSE
	EndGlobalSection
	GlobalSection(ExtensibilityGlobals) = postSolution
		SolutionGuid = {56FB8B79-1A39-4FD3-9512-4A7193ED3DD3}
	EndGlobalSection
EndGlobal
